// !$*UTF8*$!
{
	archiveVersion = 1;
	classes = {
	};
	objectVersion = 56;
	objects = {

/* Begin PBXBuildFile section */
		184CC0F12A1E109A006E38FA /* APIservice.swift in Sources */ = {isa = PBXBuildFile; fileRef = 184CC0F02A1E109A006E38FA /* APIservice.swift */; };
		187E674D2A27FF0600CEADB8 /* HouseImage.swift in Sources */ = {isa = PBXBuildFile; fileRef = 187E674C2A27FF0600CEADB8 /* HouseImage.swift */; };
		18A822252A1D22E400648BFF /* HarryPotterAndSwiftUIApp.swift in Sources */ = {isa = PBXBuildFile; fileRef = 18A822242A1D22E400648BFF /* HarryPotterAndSwiftUIApp.swift */; };
		18A822272A1D22E400648BFF /* ContentView.swift in Sources */ = {isa = PBXBuildFile; fileRef = 18A822262A1D22E400648BFF /* ContentView.swift */; };
		18A822292A1D22E500648BFF /* Assets.xcassets in Resources */ = {isa = PBXBuildFile; fileRef = 18A822282A1D22E500648BFF /* Assets.xcassets */; };
		18A8222C2A1D22E500648BFF /* Preview Assets.xcassets in Resources */ = {isa = PBXBuildFile; fileRef = 18A8222B2A1D22E500648BFF /* Preview Assets.xcassets */; };
		18A822332A1D232B00648BFF /* Person.swift in Sources */ = {isa = PBXBuildFile; fileRef = 18A822322A1D232B00648BFF /* Person.swift */; };
		18A822352A1D278D00648BFF /* LocalCaracters.swift in Sources */ = {isa = PBXBuildFile; fileRef = 18A822342A1D278D00648BFF /* LocalCaracters.swift */; };
		18A822372A1D2D8200648BFF /* InfoView.swift in Sources */ = {isa = PBXBuildFile; fileRef = 18A822362A1D2D8200648BFF /* InfoView.swift */; };
		18A822392A1D2EF500648BFF /* InfoRowView.swift in Sources */ = {isa = PBXBuildFile; fileRef = 18A822382A1D2EF500648BFF /* InfoRowView.swift */; };
		18A8223B2A1D2F4000648BFF /* InfoDetailsView.swift in Sources */ = {isa = PBXBuildFile; fileRef = 18A8223A2A1D2F4000648BFF /* InfoDetailsView.swift */; };
		18A8223D2A1D383000648BFF /* QuizeView.swift in Sources */ = {isa = PBXBuildFile; fileRef = 18A8223C2A1D383000648BFF /* QuizeView.swift */; };
		18A8223F2A1D398C00648BFF /* SettingsView.swift in Sources */ = {isa = PBXBuildFile; fileRef = 18A8223E2A1D398C00648BFF /* SettingsView.swift */; };
/* End PBXBuildFile section */

/* Begin PBXFileReference section */
		184CC0F02A1E109A006E38FA /* APIservice.swift */ = {isa = PBXFileReference; lastKnownFileType = sourcecode.swift; path = APIservice.swift; sourceTree = "<group>"; };
		1858FA5F2A2228F900609E53 /* Info.plist */ = {isa = PBXFileReference; lastKnownFileType = text.plist; path = Info.plist; sourceTree = "<group>"; };
		187E674C2A27FF0600CEADB8 /* HouseImage.swift */ = {isa = PBXFileReference; lastKnownFileType = sourcecode.swift; path = HouseImage.swift; sourceTree = "<group>"; };
		18A822212A1D22E400648BFF /* HarryPotterAndSwiftUI.app */ = {isa = PBXFileReference; explicitFileType = wrapper.application; includeInIndex = 0; path = HarryPotterAndSwiftUI.app; sourceTree = BUILT_PRODUCTS_DIR; };
		18A822242A1D22E400648BFF /* HarryPotterAndSwiftUIApp.swift */ = {isa = PBXFileReference; lastKnownFileType = sourcecode.swift; path = HarryPotterAndSwiftUIApp.swift; sourceTree = "<group>"; };
		18A822262A1D22E400648BFF /* ContentView.swift */ = {isa = PBXFileReference; lastKnownFileType = sourcecode.swift; path = ContentView.swift; sourceTree = "<group>"; };
		18A822282A1D22E500648BFF /* Assets.xcassets */ = {isa = PBXFileReference; lastKnownFileType = folder.assetcatalog; path = Assets.xcassets; sourceTree = "<group>"; };
		18A8222B2A1D22E500648BFF /* Preview Assets.xcassets */ = {isa = PBXFileReference; lastKnownFileType = folder.assetcatalog; path = "Preview Assets.xcassets"; sourceTree = "<group>"; };
		18A822322A1D232B00648BFF /* Person.swift */ = {isa = PBXFileReference; lastKnownFileType = sourcecode.swift; path = Person.swift; sourceTree = "<group>"; };
		18A822342A1D278D00648BFF /* LocalCaracters.swift */ = {isa = PBXFileReference; lastKnownFileType = sourcecode.swift; path = LocalCaracters.swift; sourceTree = "<group>"; };
		18A822362A1D2D8200648BFF /* InfoView.swift */ = {isa = PBXFileReference; lastKnownFileType = sourcecode.swift; path = InfoView.swift; sourceTree = "<group>"; };
		18A822382A1D2EF500648BFF /* InfoRowView.swift */ = {isa = PBXFileReference; lastKnownFileType = sourcecode.swift; path = InfoRowView.swift; sourceTree = "<group>"; };
		18A8223A2A1D2F4000648BFF /* InfoDetailsView.swift */ = {isa = PBXFileReference; lastKnownFileType = sourcecode.swift; path = InfoDetailsView.swift; sourceTree = "<group>"; };
		18A8223C2A1D383000648BFF /* QuizeView.swift */ = {isa = PBXFileReference; lastKnownFileType = sourcecode.swift; path = QuizeView.swift; sourceTree = "<group>"; };
		18A8223E2A1D398C00648BFF /* SettingsView.swift */ = {isa = PBXFileReference; lastKnownFileType = sourcecode.swift; path = SettingsView.swift; sourceTree = "<group>"; };
/* End PBXFileReference section */

/* Begin PBXFrameworksBuildPhase section */
		18A8221E2A1D22E400648BFF /* Frameworks */ = {
			isa = PBXFrameworksBuildPhase;
			buildActionMask = 2147483647;
			files = (
			);
			runOnlyForDeploymentPostprocessing = 0;
		};
/* End PBXFrameworksBuildPhase section */

/* Begin PBXGroup section */
		18A822182A1D22E400648BFF = {
			isa = PBXGroup;
			children = (
				18A822232A1D22E400648BFF /* HarryPotterAndSwiftUI */,
				18A822222A1D22E400648BFF /* Products */,
			);
			sourceTree = "<group>";
		};
		18A822222A1D22E400648BFF /* Products */ = {
			isa = PBXGroup;
			children = (
				18A822212A1D22E400648BFF /* HarryPotterAndSwiftUI.app */,
			);
			name = Products;
			sourceTree = "<group>";
		};
		18A822232A1D22E400648BFF /* HarryPotterAndSwiftUI */ = {
			isa = PBXGroup;
			children = (
				1858FA5F2A2228F900609E53 /* Info.plist */,
				18A822242A1D22E400648BFF /* HarryPotterAndSwiftUIApp.swift */,
				18A822262A1D22E400648BFF /* ContentView.swift */,
				18A822402A1D571800648BFF /* Model */,
				18A822412A1D573B00648BFF /* LocalStorage */,
				18A822422A1D576100648BFF /* APIservice */,
				18A822362A1D2D8200648BFF /* InfoView.swift */,
				18A822382A1D2EF500648BFF /* InfoRowView.swift */,
				18A8223A2A1D2F4000648BFF /* InfoDetailsView.swift */,
				18A8223C2A1D383000648BFF /* QuizeView.swift */,
				187E674C2A27FF0600CEADB8 /* HouseImage.swift */,
				18A8223E2A1D398C00648BFF /* SettingsView.swift */,
				18A822282A1D22E500648BFF /* Assets.xcassets */,
				18A8222A2A1D22E500648BFF /* Preview Content */,
			);
			path = HarryPotterAndSwiftUI;
			sourceTree = "<group>";
		};
		18A8222A2A1D22E500648BFF /* Preview Content */ = {
			isa = PBXGroup;
			children = (
				18A8222B2A1D22E500648BFF /* Preview Assets.xcassets */,
			);
			path = "Preview Content";
			sourceTree = "<group>";
		};
		18A822402A1D571800648BFF /* Model */ = {
			isa = PBXGroup;
			children = (
				18A822322A1D232B00648BFF /* Person.swift */,
			);
			path = Model;
			sourceTree = "<group>";
		};
		18A822412A1D573B00648BFF /* LocalStorage */ = {
			isa = PBXGroup;
			children = (
				18A822342A1D278D00648BFF /* LocalCaracters.swift */,
			);
			path = LocalStorage;
			sourceTree = "<group>";
		};
		18A822422A1D576100648BFF /* APIservice */ = {
			isa = PBXGroup;
			children = (
				184CC0F02A1E109A006E38FA /* APIservice.swift */,
			);
			path = APIservice;
			sourceTree = "<group>";
		};
/* End PBXGroup section */

/* Begin PBXNativeTarget section */
		18A822202A1D22E400648BFF /* HarryPotterAndSwiftUI */ = {
			isa = PBXNativeTarget;
			buildConfigurationList = 18A8222F2A1D22E500648BFF /* Build configuration list for PBXNativeTarget "HarryPotterAndSwiftUI" */;
			buildPhases = (
				18A8221D2A1D22E400648BFF /* Sources */,
				18A8221E2A1D22E400648BFF /* Frameworks */,
				18A8221F2A1D22E400648BFF /* Resources */,
			);
			buildRules = (
			);
			dependencies = (
			);
			name = HarryPotterAndSwiftUI;
			productName = HarryPotterAndSwiftUI;
			productReference = 18A822212A1D22E400648BFF /* HarryPotterAndSwiftUI.app */;
			productType = "com.apple.product-type.application";
		};
/* End PBXNativeTarget section */

/* Begin PBXProject section */
		18A822192A1D22E400648BFF /* Project object */ = {
			isa = PBXProject;
			attributes = {
				BuildIndependentTargetsInParallel = 1;
				LastSwiftUpdateCheck = 1430;
				LastUpgradeCheck = 1430;
				TargetAttributes = {
					18A822202A1D22E400648BFF = {
						CreatedOnToolsVersion = 14.3;
					};
				};
			};
			buildConfigurationList = 18A8221C2A1D22E400648BFF /* Build configuration list for PBXProject "HarryPotterAndSwiftUI" */;
			compatibilityVersion = "Xcode 14.0";
			developmentRegion = en;
			hasScannedForEncodings = 0;
			knownRegions = (
				en,
				Base,
			);
			mainGroup = 18A822182A1D22E400648BFF;
			productRefGroup = 18A822222A1D22E400648BFF /* Products */;
			projectDirPath = "";
			projectRoot = "";
			targets = (
				18A822202A1D22E400648BFF /* HarryPotterAndSwiftUI */,
			);
		};
/* End PBXProject section */

/* Begin PBXResourcesBuildPhase section */
		18A8221F2A1D22E400648BFF /* Resources */ = {
			isa = PBXResourcesBuildPhase;
			buildActionMask = 2147483647;
			files = (
				18A8222C2A1D22E500648BFF /* Preview Assets.xcassets in Resources */,
				18A822292A1D22E500648BFF /* Assets.xcassets in Resources */,
			);
			runOnlyForDeploymentPostprocessing = 0;
		};
/* End PBXResourcesBuildPhase section */

/* Begin PBXSourcesBuildPhase section */
		18A8221D2A1D22E400648BFF /* Sources */ = {
			isa = PBXSourcesBuildPhase;
			buildActionMask = 2147483647;
			files = (
				187E674D2A27FF0600CEADB8 /* HouseImage.swift in Sources */,
				184CC0F12A1E109A006E38FA /* APIservice.swift in Sources */,
				18A822332A1D232B00648BFF /* Person.swift in Sources */,
				18A8223D2A1D383000648BFF /* QuizeView.swift in Sources */,
				18A822272A1D22E400648BFF /* ContentView.swift in Sources */,
				18A8223F2A1D398C00648BFF /* SettingsView.swift in Sources */,
				18A822352A1D278D00648BFF /* LocalCaracters.swift in Sources */,
				18A822392A1D2EF500648BFF /* InfoRowView.swift in Sources */,
				18A8223B2A1D2F4000648BFF /* InfoDetailsView.swift in Sources */,
				18A822372A1D2D8200648BFF /* InfoView.swift in Sources */,
				18A822252A1D22E400648BFF /* HarryPotterAndSwiftUIApp.swift in Sources */,
			);
			runOnlyForDeploymentPostprocessing = 0;
		};
/* End PBXSourcesBuildPhase section */

/* Begin XCBuildConfiguration section */
		18A8222D2A1D22E500648BFF /* Debug */ = {
			isa = XCBuildConfiguration;
			buildSettings = {
				ALWAYS_SEARCH_USER_PATHS = NO;
				CLANG_ANALYZER_NONNULL = YES;
				CLANG_ANALYZER_NUMBER_OBJECT_CONVERSION = YES_AGGRESSIVE;
				CLANG_CXX_LANGUAGE_STANDARD = "gnu++20";
				CLANG_ENABLE_MODULES = YES;
				CLANG_ENABLE_OBJC_ARC = YES;
				CLANG_ENABLE_OBJC_WEAK = YES;
				CLANG_WARN_BLOCK_CAPTURE_AUTORELEASING = YES;
				CLANG_WARN_BOOL_CONVERSION = YES;
				CLANG_WARN_COMMA = YES;
				CLANG_WARN_CONSTANT_CONVERSION = YES;
				CLANG_WARN_DEPRECATED_OBJC_IMPLEMENTATIONS = YES;
				CLANG_WARN_DIRECT_OBJC_ISA_USAGE = YES_ERROR;
				CLANG_WARN_DOCUMENTATION_COMMENTS = YES;
				CLANG_WARN_EMPTY_BODY = YES;
				CLANG_WARN_ENUM_CONVERSION = YES;
				CLANG_WARN_INFINITE_RECURSION = YES;
				CLANG_WARN_INT_CONVERSION = YES;
				CLANG_WARN_NON_LITERAL_NULL_CONVERSION = YES;
				CLANG_WARN_OBJC_IMPLICIT_RETAIN_SELF = YES;
				CLANG_WARN_OBJC_LITERAL_CONVERSION = YES;
				CLANG_WARN_OBJC_ROOT_CLASS = YES_ERROR;
				CLANG_WARN_QUOTED_INCLUDE_IN_FRAMEWORK_HEADER = YES;
				CLANG_WARN_RANGE_LOOP_ANALYSIS = YES;
				CLANG_WARN_STRICT_PROTOTYPES = YES;
				CLANG_WARN_SUSPICIOUS_MOVE = YES;
				CLANG_WARN_UNGUARDED_AVAILABILITY = YES_AGGRESSIVE;
				CLANG_WARN_UNREACHABLE_CODE = YES;
				CLANG_WARN__DUPLICATE_METHOD_MATCH = YES;
				COPY_PHASE_STRIP = NO;
				DEBUG_INFORMATION_FORMAT = dwarf;
				ENABLE_STRICT_OBJC_MSGSEND = YES;
				ENABLE_TESTABILITY = YES;
				GCC_C_LANGUAGE_STANDARD = gnu11;
				GCC_DYNAMIC_NO_PIC = NO;
				GCC_NO_COMMON_BLOCKS = YES;
				GCC_OPTIMIZATION_LEVEL = 0;
				GCC_PREPROCESSOR_DEFINITIONS = (
					"DEBUG=1",
					"$(inherited)",
				);
				GCC_WARN_64_TO_32_BIT_CONVERSION = YES;
				GCC_WARN_ABOUT_RETURN_TYPE = YES_ERROR;
				GCC_WARN_UNDECLARED_SELECTOR = YES;
				GCC_WARN_UNINITIALIZED_AUTOS = YES_AGGRESSIVE;
				GCC_WARN_UNUSED_FUNCTION = YES;
				GCC_WARN_UNUSED_VARIABLE = YES;
				IPHONEOS_DEPLOYMENT_TARGET = 16.4;
				MTL_ENABLE_DEBUG_INFO = INCLUDE_SOURCE;
				MTL_FAST_MATH = YES;
				ONLY_ACTIVE_ARCH = YES;
				SDKROOT = iphoneos;
				SWIFT_ACTIVE_COMPILATION_CONDITIONS = DEBUG;
				SWIFT_OPTIMIZATION_LEVEL = "-Onone";
			};
			name = Debug;
		};
		18A8222E2A1D22E500648BFF /* Release */ = {
			isa = XCBuildConfiguration;
			buildSettings = {
				ALWAYS_SEARCH_USER_PATHS = NO;
				CLANG_ANALYZER_NONNULL = YES;
				CLANG_ANALYZER_NUMBER_OBJECT_CONVERSION = YES_AGGRESSIVE;
				CLANG_CXX_LANGUAGE_STANDARD = "gnu++20";
				CLANG_ENABLE_MODULES = YES;
				CLANG_ENABLE_OBJC_ARC = YES;
				CLANG_ENABLE_OBJC_WEAK = YES;
				CLANG_WARN_BLOCK_CAPTURE_AUTORELEASING = YES;
				CLANG_WARN_BOOL_CONVERSION = YES;
				CLANG_WARN_COMMA = YES;
				CLANG_WARN_CONSTANT_CONVERSION = YES;
				CLANG_WARN_DEPRECATED_OBJC_IMPLEMENTATIONS = YES;
				CLANG_WARN_DIRECT_OBJC_ISA_USAGE = YES_ERROR;
				CLANG_WARN_DOCUMENTATION_COMMENTS = YES;
				CLANG_WARN_EMPTY_BODY = YES;
				CLANG_WARN_ENUM_CONVERSION = YES;
				CLANG_WARN_INFINITE_RECURSION = YES;
				CLANG_WARN_INT_CONVERSION = YES;
				CLANG_WARN_NON_LITERAL_NULL_CONVERSION = YES;
				CLANG_WARN_OBJC_IMPLICIT_RETAIN_SELF = YES;
				CLANG_WARN_OBJC_LITERAL_CONVERSION = YES;
				CLANG_WARN_OBJC_ROOT_CLASS = YES_ERROR;
				CLANG_WARN_QUOTED_INCLUDE_IN_FRAMEWORK_HEADER = YES;
				CLANG_WARN_RANGE_LOOP_ANALYSIS = YES;
				CLANG_WARN_STRICT_PROTOTYPES = YES;
				CLANG_WARN_SUSPICIOUS_MOVE = YES;
				CLANG_WARN_UNGUARDED_AVAILABILITY = YES_AGGRESSIVE;
				CLANG_WARN_UNREACHABLE_CODE = YES;
				CLANG_WARN__DUPLICATE_METHOD_MATCH = YES;
				COPY_PHASE_STRIP = NO;
				DEBUG_INFORMATION_FORMAT = "dwarf-with-dsym";
				ENABLE_NS_ASSERTIONS = NO;
				ENABLE_STRICT_OBJC_MSGSEND = YES;
				GCC_C_LANGUAGE_STANDARD = gnu11;
				GCC_NO_COMMON_BLOCKS = YES;
				GCC_WARN_64_TO_32_BIT_CONVERSION = YES;
				GCC_WARN_ABOUT_RETURN_TYPE = YES_ERROR;
				GCC_WARN_UNDECLARED_SELECTOR = YES;
				GCC_WARN_UNINITIALIZED_AUTOS = YES_AGGRESSIVE;
				GCC_WARN_UNUSED_FUNCTION = YES;
				GCC_WARN_UNUSED_VARIABLE = YES;
				IPHONEOS_DEPLOYMENT_TARGET = 16.4;
				MTL_ENABLE_DEBUG_INFO = NO;
				MTL_FAST_MATH = YES;
				SDKROOT = iphoneos;
				SWIFT_COMPILATION_MODE = wholemodule;
				SWIFT_OPTIMIZATION_LEVEL = "-O";
				VALIDATE_PRODUCT = YES;
			};
			name = Release;
		};
		18A822302A1D22E500648BFF /* Debug */ = {
			isa = XCBuildConfiguration;
			buildSettings = {
				ASSETCATALOG_COMPILER_APPICON_NAME = AppIcon;
				ASSETCATALOG_COMPILER_GLOBAL_ACCENT_COLOR_NAME = AccentColor;
				CODE_SIGN_STYLE = Automatic;
				CURRENT_PROJECT_VERSION = 1;
				DEVELOPMENT_ASSET_PATHS = "\"HarryPotterAndSwiftUI/Preview Content\"";
				DEVELOPMENT_TEAM = 4V4XBFRF5Z;
				ENABLE_PREVIEWS = YES;
				GENERATE_INFOPLIST_FILE = YES;
				INFOPLIST_FILE = HarryPotterAndSwiftUI/Info.plist;
				INFOPLIST_KEY_CFBundleDisplayName = HPDb;
				INFOPLIST_KEY_UIApplicationSceneManifest_Generation = YES;
				INFOPLIST_KEY_UIApplicationSupportsIndirectInputEvents = YES;
				INFOPLIST_KEY_UILaunchStoryboardName = "";
				INFOPLIST_KEY_UISupportedInterfaceOrientations = UIInterfaceOrientationPortrait;
				LD_RUNPATH_SEARCH_PATHS = (
					"$(inherited)",
					"@executable_path/Frameworks",
				);
				MARKETING_VERSION = 1.0;
				PRODUCT_BUNDLE_IDENTIFIER = com.amorfien.HarryPotterAndSwiftUI;
				PRODUCT_NAME = "$(TARGET_NAME)";
				SWIFT_EMIT_LOC_STRINGS = YES;
				SWIFT_VERSION = 5.0;
				TARGETED_DEVICE_FAMILY = "1,2";
			};
			name = Debug;
		};
		18A822312A1D22E500648BFF /* Release */ = {
			isa = XCBuildConfiguration;
			buildSettings = {
				ASSETCATALOG_COMPILER_APPICON_NAME = AppIcon;
				ASSETCATALOG_COMPILER_GLOBAL_ACCENT_COLOR_NAME = AccentColor;
				CODE_SIGN_STYLE = Automatic;
				CURRENT_PROJECT_VERSION = 1;
				DEVELOPMENT_ASSET_PATHS = "\"HarryPotterAndSwiftUI/Preview Content\"";
				DEVELOPMENT_TEAM = 4V4XBFRF5Z;
				ENABLE_PREVIEWS = YES;
				GENERATE_INFOPLIST_FILE = YES;
				INFOPLIST_FILE = HarryPotterAndSwiftUI/Info.plist;
				INFOPLIST_KEY_CFBundleDisplayName = HPDb;
				INFOPLIST_KEY_UIApplicationSceneManifest_Generation = YES;
				INFOPLIST_KEY_UIApplicationSupportsIndirectInputEvents = YES;
				INFOPLIST_KEY_UILaunchStoryboardName = "";
				INFOPLIST_KEY_UISupportedInterfaceOrientations = UIInterfaceOrientationPortrait;
				LD_RUNPATH_SEARCH_PATHS = (
					"$(inherited)",
					"@executable_path/Frameworks",
				);
				MARKETING_VERSION = 1.0;
				PRODUCT_BUNDLE_IDENTIFIER = com.amorfien.HarryPotterAndSwiftUI;
				PRODUCT_NAME = "$(TARGET_NAME)";
				SWIFT_EMIT_LOC_STRINGS = YES;
				SWIFT_VERSION = 5.0;
				TARGETED_DEVICE_FAMILY = "1,2";
			};
			name = Release;
		};
/* End XCBuildConfiguration section */

/* Begin XCConfigurationList section */
		18A8221C2A1D22E400648BFF /* Build configuration list for PBXProject "HarryPotterAndSwiftUI" */ = {
			isa = XCConfigurationList;
			buildConfigurations = (
				18A8222D2A1D22E500648BFF /* Debug */,
				18A8222E2A1D22E500648BFF /* Release */,
			);
			defaultConfigurationIsVisible = 0;
			defaultConfigurationName = Release;
		};
		18A8222F2A1D22E500648BFF /* Build configuration list for PBXNativeTarget "HarryPotterAndSwiftUI" */ = {
			isa = XCConfigurationList;
			buildConfigurations = (
				18A822302A1D22E500648BFF /* Debug */,
				18A822312A1D22E500648BFF /* Release */,
			);
			defaultConfigurationIsVisible = 0;
			defaultConfigurationName = Release;
		};
/* End XCConfigurationList section */
	};
	rootObject = 18A822192A1D22E400648BFF /* Project object */;
}
